
Microsoft Visual Studio Solution File, Format Version 12.00
# Visual Studio 15
VisualStudioVersion = 15.0.27130.2036
MinimumVisualStudioVersion = 10.0.40219.1
Project("{FAE04EC0-301F-11D3-BF4B-00C04F79EFBC}") = "BaseService", "AdvancedScada.BaseService\BaseService.csproj", "{FE960C7A-E85B-48ED-9BCA-9BE1A6A1CB0B}"
EndProject
Project("{FAE04EC0-301F-11D3-BF4B-00C04F79EFBC}") = "Controls", "AdvancedScada.Controls\Controls.csproj", "{61D652F9-ADEF-4024-B1A8-4709656068CA}"
EndProject
Project("{FAE04EC0-301F-11D3-BF4B-00C04F79EFBC}") = "IBaseService", "AdvancedScada.IBaseService\IBaseService.csproj", "{4BA1E9C3-F791-458C-B4F7-3B7943E8DE10}"
EndProject
Project("{FAE04EC0-301F-11D3-BF4B-00C04F79EFBC}") = "Management", "AdvancedScada.Management\Management.csproj", "{A6981D28-2360-4212-8EEF-F78C117EB615}"
EndProject
Project("{FAE04EC0-301F-11D3-BF4B-00C04F79EFBC}") = "Monitor", "AdvancedScada.Monitor\Monitor.csproj", "{F9D07EB2-4D39-457A-81BB-EA9D28623779}"
EndProject
Project("{FAE04EC0-301F-11D3-BF4B-00C04F79EFBC}") = "Studio", "AdvancedScada.Studio\Studio.csproj", "{B22859AA-D659-4E98-A223-5C80E70FE878}"
EndProject
Project("{FAE04EC0-301F-11D3-BF4B-00C04F79EFBC}") = "Utils", "AdvancedScada.Utils\Utils.csproj", "{6892B89E-2CC0-4F7D-95D1-BEAA1A21C607}"
EndProject
Project("{FAE04EC0-301F-11D3-BF4B-00C04F79EFBC}") = "DriverBase", "Drivers\AdvancedScada.DriverBase\DriverBase.csproj", "{0C4043A0-522D-456F-82C3-D086BD07EE27}"
EndProject
Project("{2150E333-8FDC-42A3-9474-1A3956D46DE8}") = "IODriver", "IODriver", "{E346CF44-B588-4C83-86B3-DC93629F6BB3}"
EndProject
Project("{FAE04EC0-301F-11D3-BF4B-00C04F79EFBC}") = "XSiemens.Core", "Drivers\AdvancedScada.XSiemens.Core\XSiemens.Core.csproj", "{23238893-CAA2-4308-B7F9-0F01DADB08AA}"
EndProject
Project("{2150E333-8FDC-42A3-9474-1A3956D46DE8}") = "WCF", "WCF", "{F9AEA683-E48B-4D06-AD2E-CAD4C35806E4}"
EndProject
Project("{2150E333-8FDC-42A3-9474-1A3956D46DE8}") = "Controls", "Controls", "{56C1D13A-575A-413E-A56F-6EB37E978ECF}"
EndProject
Project("{2150E333-8FDC-42A3-9474-1A3956D46DE8}") = "ImagePicker", "ImagePicker", "{2BF7407E-5F6A-4FBA-A7A6-28D36BC2C46D}"
EndProject
Project("{2150E333-8FDC-42A3-9474-1A3956D46DE8}") = "Utils", "Utils", "{62D47F92-89CB-4761-B353-B81B4B859026}"
EndProject
Project("{2150E333-8FDC-42A3-9474-1A3956D46DE8}") = "Management", "Management", "{67D897F7-75D6-45B3-AB83-DD70FB610F68}"
EndProject
Project("{FAE04EC0-301F-11D3-BF4B-00C04F79EFBC}") = "HMIException", "Drivers\AdvancedScada.ErorrPLC\HMIException.csproj", "{DCF54CF4-E611-46B1-8056-7F71AAE0D9F5}"
EndProject
Project("{2150E333-8FDC-42A3-9474-1A3956D46DE8}") = "HMI", "HMI", "{8553EDAC-D314-4187-AB30-7316571029F9}"
EndProject
Project("{FAE04EC0-301F-11D3-BF4B-00C04F79EFBC}") = "HMI", "AdvancedScada.HMI\HMI.csproj", "{C8B79F06-BAA5-47A2-9C0E-A141ED18A1C4}"
EndProject
Project("{2150E333-8FDC-42A3-9474-1A3956D46DE8}") = "Studio", "Studio", "{E7C7AC43-A5DC-4CA6-A9B3-286597E30464}"
EndProject
Project("{FAE04EC0-301F-11D3-BF4B-00C04F79EFBC}") = "ImagePicker", "AdvancedScada.ImagePicker\ImagePicker.csproj", "{5931D911-82C4-4C91-A32D-94D3DC870156}"
EndProject
Project("{F184B08F-C81C-45F6-A57F-5ABD9991F28F}") = "DataAccess", "AdvancedScada.DataAccess\DataAccess.vbproj", "{36F477CC-54A4-4F55-ADB3-2A2E06DBFBEF}"
EndProject
Project("{F184B08F-C81C-45F6-A57F-5ABD9991F28F}") = "ReportViewer", "AdvancedScada.ReportViewer\ReportViewer.vbproj", "{A7E14A59-51EE-4E8E-B1EE-3CB3C71DC9D3}"
EndProject
Project("{2150E333-8FDC-42A3-9474-1A3956D46DE8}") = "Modbus", "Modbus", "{8CACB485-9751-4019-830A-B86F93F4B6F0}"
EndProject
Project("{2150E333-8FDC-42A3-9474-1A3956D46DE8}") = "LSIS", "LSIS", "{8F229FEF-4AB5-4F6D-B6E0-963F897F0B13}"
EndProject
Project("{2150E333-8FDC-42A3-9474-1A3956D46DE8}") = "Siemens", "Siemens", "{49A921EA-0115-4303-B7EE-9E96A5DDE6AB}"
EndProject
Project("{FAE04EC0-301F-11D3-BF4B-00C04F79EFBC}") = "XLSIS.Core", "Drivers\AdvancedScada.XLSIS.Core\XLSIS.Core.csproj", "{BDF12FEB-70B0-4F3F-A44C-B3102CC43378}"
EndProject
Project("{FAE04EC0-301F-11D3-BF4B-00C04F79EFBC}") = "XModbus.Core", "Drivers\AdvancedScada.XModbus.Core\XModbus.Core.csproj", "{3795FE5F-8604-434D-B248-0787BF7488B9}"
EndProject
Project("{2150E333-8FDC-42A3-9474-1A3956D46DE8}") = "FATEK", "FATEK", "{B1889252-6056-49EE-B977-E3BCE75E0427}"
EndProject
Project("{FAE04EC0-301F-11D3-BF4B-00C04F79EFBC}") = "XFATEK.Core", "Drivers\AdvancedScada.XFATEK.Core\XFATEK.Core.csproj", "{AD715268-01D4-4FBD-9082-C457C0986F9D}"
EndProject
Project("{2150E333-8FDC-42A3-9474-1A3956D46DE8}") = "Panasonic", "Panasonic", "{1835E1A0-15D2-463B-B79F-7C50C992DB83}"
EndProject
Project("{FAE04EC0-301F-11D3-BF4B-00C04F79EFBC}") = "XPanasonic.Core", "Drivers\AdvancedScada.XPanasonic.Core\XPanasonic.Core.csproj", "{128E840B-A7E6-4865-B2D2-C36031661BDF}"
EndProject
Global
	GlobalSection(SolutionConfigurationPlatforms) = preSolution
		Debug|Any CPU = Debug|Any CPU
		Release|Any CPU = Release|Any CPU
	EndGlobalSection
	GlobalSection(ProjectConfigurationPlatforms) = postSolution
		{FE960C7A-E85B-48ED-9BCA-9BE1A6A1CB0B}.Debug|Any CPU.ActiveCfg = Debug|Any CPU
		{FE960C7A-E85B-48ED-9BCA-9BE1A6A1CB0B}.Debug|Any CPU.Build.0 = Debug|Any CPU
		{FE960C7A-E85B-48ED-9BCA-9BE1A6A1CB0B}.Release|Any CPU.ActiveCfg = Release|Any CPU
		{FE960C7A-E85B-48ED-9BCA-9BE1A6A1CB0B}.Release|Any CPU.Build.0 = Release|Any CPU
		{61D652F9-ADEF-4024-B1A8-4709656068CA}.Debug|Any CPU.ActiveCfg = Debug|Any CPU
		{61D652F9-ADEF-4024-B1A8-4709656068CA}.Debug|Any CPU.Build.0 = Debug|Any CPU
		{61D652F9-ADEF-4024-B1A8-4709656068CA}.Release|Any CPU.ActiveCfg = Release|Any CPU
		{61D652F9-ADEF-4024-B1A8-4709656068CA}.Release|Any CPU.Build.0 = Release|Any CPU
		{4BA1E9C3-F791-458C-B4F7-3B7943E8DE10}.Debug|Any CPU.ActiveCfg = Debug|Any CPU
		{4BA1E9C3-F791-458C-B4F7-3B7943E8DE10}.Debug|Any CPU.Build.0 = Debug|Any CPU
		{4BA1E9C3-F791-458C-B4F7-3B7943E8DE10}.Release|Any CPU.ActiveCfg = Release|Any CPU
		{4BA1E9C3-F791-458C-B4F7-3B7943E8DE10}.Release|Any CPU.Build.0 = Release|Any CPU
		{A6981D28-2360-4212-8EEF-F78C117EB615}.Debug|Any CPU.ActiveCfg = Debug|Any CPU
		{A6981D28-2360-4212-8EEF-F78C117EB615}.Debug|Any CPU.Build.0 = Debug|Any CPU
		{A6981D28-2360-4212-8EEF-F78C117EB615}.Release|Any CPU.ActiveCfg = Release|Any CPU
		{A6981D28-2360-4212-8EEF-F78C117EB615}.Release|Any CPU.Build.0 = Release|Any CPU
		{F9D07EB2-4D39-457A-81BB-EA9D28623779}.Debug|Any CPU.ActiveCfg = Debug|Any CPU
		{F9D07EB2-4D39-457A-81BB-EA9D28623779}.Debug|Any CPU.Build.0 = Debug|Any CPU
		{F9D07EB2-4D39-457A-81BB-EA9D28623779}.Release|Any CPU.ActiveCfg = Release|Any CPU
		{F9D07EB2-4D39-457A-81BB-EA9D28623779}.Release|Any CPU.Build.0 = Release|Any CPU
		{B22859AA-D659-4E98-A223-5C80E70FE878}.Debug|Any CPU.ActiveCfg = Debug|Any CPU
		{B22859AA-D659-4E98-A223-5C80E70FE878}.Debug|Any CPU.Build.0 = Debug|Any CPU
		{B22859AA-D659-4E98-A223-5C80E70FE878}.Release|Any CPU.ActiveCfg = Release|Any CPU
		{B22859AA-D659-4E98-A223-5C80E70FE878}.Release|Any CPU.Build.0 = Release|Any CPU
		{6892B89E-2CC0-4F7D-95D1-BEAA1A21C607}.Debug|Any CPU.ActiveCfg = Debug|Any CPU
		{6892B89E-2CC0-4F7D-95D1-BEAA1A21C607}.Debug|Any CPU.Build.0 = Debug|Any CPU
		{6892B89E-2CC0-4F7D-95D1-BEAA1A21C607}.Release|Any CPU.ActiveCfg = Release|Any CPU
		{6892B89E-2CC0-4F7D-95D1-BEAA1A21C607}.Release|Any CPU.Build.0 = Release|Any CPU
		{0C4043A0-522D-456F-82C3-D086BD07EE27}.Debug|Any CPU.ActiveCfg = Debug|Any CPU
		{0C4043A0-522D-456F-82C3-D086BD07EE27}.Debug|Any CPU.Build.0 = Debug|Any CPU
		{0C4043A0-522D-456F-82C3-D086BD07EE27}.Release|Any CPU.ActiveCfg = Release|Any CPU
		{0C4043A0-522D-456F-82C3-D086BD07EE27}.Release|Any CPU.Build.0 = Release|Any CPU
		{23238893-CAA2-4308-B7F9-0F01DADB08AA}.Debug|Any CPU.ActiveCfg = Debug|Any CPU
		{23238893-CAA2-4308-B7F9-0F01DADB08AA}.Debug|Any CPU.Build.0 = Debug|Any CPU
		{23238893-CAA2-4308-B7F9-0F01DADB08AA}.Release|Any CPU.ActiveCfg = Release|Any CPU
		{23238893-CAA2-4308-B7F9-0F01DADB08AA}.Release|Any CPU.Build.0 = Release|Any CPU
		{DCF54CF4-E611-46B1-8056-7F71AAE0D9F5}.Debug|Any CPU.ActiveCfg = Debug|Any CPU
		{DCF54CF4-E611-46B1-8056-7F71AAE0D9F5}.Debug|Any CPU.Build.0 = Debug|Any CPU
		{DCF54CF4-E611-46B1-8056-7F71AAE0D9F5}.Release|Any CPU.ActiveCfg = Release|Any CPU
		{DCF54CF4-E611-46B1-8056-7F71AAE0D9F5}.Release|Any CPU.Build.0 = Release|Any CPU
		{C8B79F06-BAA5-47A2-9C0E-A141ED18A1C4}.Debug|Any CPU.ActiveCfg = Debug|Any CPU
		{C8B79F06-BAA5-47A2-9C0E-A141ED18A1C4}.Debug|Any CPU.Build.0 = Debug|Any CPU
		{C8B79F06-BAA5-47A2-9C0E-A141ED18A1C4}.Release|Any CPU.ActiveCfg = Release|Any CPU
		{C8B79F06-BAA5-47A2-9C0E-A141ED18A1C4}.Release|Any CPU.Build.0 = Release|Any CPU
		{5931D911-82C4-4C91-A32D-94D3DC870156}.Debug|Any CPU.ActiveCfg = Debug|Any CPU
		{5931D911-82C4-4C91-A32D-94D3DC870156}.Debug|Any CPU.Build.0 = Debug|Any CPU
		{5931D911-82C4-4C91-A32D-94D3DC870156}.Release|Any CPU.ActiveCfg = Release|Any CPU
		{5931D911-82C4-4C91-A32D-94D3DC870156}.Release|Any CPU.Build.0 = Release|Any CPU
		{36F477CC-54A4-4F55-ADB3-2A2E06DBFBEF}.Debug|Any CPU.ActiveCfg = Debug|Any CPU
		{36F477CC-54A4-4F55-ADB3-2A2E06DBFBEF}.Debug|Any CPU.Build.0 = Debug|Any CPU
		{36F477CC-54A4-4F55-ADB3-2A2E06DBFBEF}.Release|Any CPU.ActiveCfg = Release|Any CPU
		{36F477CC-54A4-4F55-ADB3-2A2E06DBFBEF}.Release|Any CPU.Build.0 = Release|Any CPU
		{A7E14A59-51EE-4E8E-B1EE-3CB3C71DC9D3}.Debug|Any CPU.ActiveCfg = Debug|Any CPU
		{A7E14A59-51EE-4E8E-B1EE-3CB3C71DC9D3}.Debug|Any CPU.Build.0 = Debug|Any CPU
		{A7E14A59-51EE-4E8E-B1EE-3CB3C71DC9D3}.Release|Any CPU.ActiveCfg = Release|Any CPU
		{A7E14A59-51EE-4E8E-B1EE-3CB3C71DC9D3}.Release|Any CPU.Build.0 = Release|Any CPU
		{BDF12FEB-70B0-4F3F-A44C-B3102CC43378}.Debug|Any CPU.ActiveCfg = Debug|Any CPU
		{BDF12FEB-70B0-4F3F-A44C-B3102CC43378}.Debug|Any CPU.Build.0 = Debug|Any CPU
		{BDF12FEB-70B0-4F3F-A44C-B3102CC43378}.Release|Any CPU.ActiveCfg = Release|Any CPU
		{BDF12FEB-70B0-4F3F-A44C-B3102CC43378}.Release|Any CPU.Build.0 = Release|Any CPU
		{3795FE5F-8604-434D-B248-0787BF7488B9}.Debug|Any CPU.ActiveCfg = Debug|Any CPU
		{3795FE5F-8604-434D-B248-0787BF7488B9}.Debug|Any CPU.Build.0 = Debug|Any CPU
		{3795FE5F-8604-434D-B248-0787BF7488B9}.Release|Any CPU.ActiveCfg = Release|Any CPU
		{3795FE5F-8604-434D-B248-0787BF7488B9}.Release|Any CPU.Build.0 = Release|Any CPU
		{AD715268-01D4-4FBD-9082-C457C0986F9D}.Debug|Any CPU.ActiveCfg = Debug|Any CPU
		{AD715268-01D4-4FBD-9082-C457C0986F9D}.Debug|Any CPU.Build.0 = Debug|Any CPU
		{AD715268-01D4-4FBD-9082-C457C0986F9D}.Release|Any CPU.ActiveCfg = Release|Any CPU
		{AD715268-01D4-4FBD-9082-C457C0986F9D}.Release|Any CPU.Build.0 = Release|Any CPU
		{128E840B-A7E6-4865-B2D2-C36031661BDF}.Debug|Any CPU.ActiveCfg = Debug|Any CPU
		{128E840B-A7E6-4865-B2D2-C36031661BDF}.Debug|Any CPU.Build.0 = Debug|Any CPU
		{128E840B-A7E6-4865-B2D2-C36031661BDF}.Release|Any CPU.ActiveCfg = Release|Any CPU
		{128E840B-A7E6-4865-B2D2-C36031661BDF}.Release|Any CPU.Build.0 = Release|Any CPU
	EndGlobalSection
	GlobalSection(SolutionProperties) = preSolution
		HideSolutionNode = FALSE
	EndGlobalSection
	GlobalSection(NestedProjects) = preSolution
		{FE960C7A-E85B-48ED-9BCA-9BE1A6A1CB0B} = {F9AEA683-E48B-4D06-AD2E-CAD4C35806E4}
		{61D652F9-ADEF-4024-B1A8-4709656068CA} = {56C1D13A-575A-413E-A56F-6EB37E978ECF}
		{4BA1E9C3-F791-458C-B4F7-3B7943E8DE10} = {F9AEA683-E48B-4D06-AD2E-CAD4C35806E4}
		{A6981D28-2360-4212-8EEF-F78C117EB615} = {67D897F7-75D6-45B3-AB83-DD70FB610F68}
		{F9D07EB2-4D39-457A-81BB-EA9D28623779} = {56C1D13A-575A-413E-A56F-6EB37E978ECF}
		{B22859AA-D659-4E98-A223-5C80E70FE878} = {E7C7AC43-A5DC-4CA6-A9B3-286597E30464}
		{6892B89E-2CC0-4F7D-95D1-BEAA1A21C607} = {62D47F92-89CB-4761-B353-B81B4B859026}
		{0C4043A0-522D-456F-82C3-D086BD07EE27} = {E346CF44-B588-4C83-86B3-DC93629F6BB3}
		{23238893-CAA2-4308-B7F9-0F01DADB08AA} = {49A921EA-0115-4303-B7EE-9E96A5DDE6AB}
		{DCF54CF4-E611-46B1-8056-7F71AAE0D9F5} = {67D897F7-75D6-45B3-AB83-DD70FB610F68}
		{C8B79F06-BAA5-47A2-9C0E-A141ED18A1C4} = {8553EDAC-D314-4187-AB30-7316571029F9}
		{5931D911-82C4-4C91-A32D-94D3DC870156} = {2BF7407E-5F6A-4FBA-A7A6-28D36BC2C46D}
		{36F477CC-54A4-4F55-ADB3-2A2E06DBFBEF} = {8553EDAC-D314-4187-AB30-7316571029F9}
		{A7E14A59-51EE-4E8E-B1EE-3CB3C71DC9D3} = {8553EDAC-D314-4187-AB30-7316571029F9}
		{8CACB485-9751-4019-830A-B86F93F4B6F0} = {E346CF44-B588-4C83-86B3-DC93629F6BB3}
		{8F229FEF-4AB5-4F6D-B6E0-963F897F0B13} = {E346CF44-B588-4C83-86B3-DC93629F6BB3}
		{49A921EA-0115-4303-B7EE-9E96A5DDE6AB} = {E346CF44-B588-4C83-86B3-DC93629F6BB3}
		{BDF12FEB-70B0-4F3F-A44C-B3102CC43378} = {8F229FEF-4AB5-4F6D-B6E0-963F897F0B13}
		{3795FE5F-8604-434D-B248-0787BF7488B9} = {8CACB485-9751-4019-830A-B86F93F4B6F0}
		{B1889252-6056-49EE-B977-E3BCE75E0427} = {E346CF44-B588-4C83-86B3-DC93629F6BB3}
		{AD715268-01D4-4FBD-9082-C457C0986F9D} = {B1889252-6056-49EE-B977-E3BCE75E0427}
		{1835E1A0-15D2-463B-B79F-7C50C992DB83} = {E346CF44-B588-4C83-86B3-DC93629F6BB3}
		{128E840B-A7E6-4865-B2D2-C36031661BDF} = {1835E1A0-15D2-463B-B79F-7C50C992DB83}
	EndGlobalSection
	GlobalSection(ExtensibilityGlobals) = postSolution
		SolutionGuid = {7C9F8F60-8BEB-4669-AAB0-02B189B54E22}
	EndGlobalSection
EndGlobal
