
Microsoft Visual Studio Solution File, Format Version 12.00
# Visual Studio Version 16
VisualStudioVersion = 16.0.28922.388
MinimumVisualStudioVersion = 10.0.40219.1
Project("{FAE04EC0-301F-11D3-BF4B-00C04F79EFBC}") = "BaseService", "AdvancedScada.BaseService\BaseService.csproj", "{FE960C7A-E85B-48ED-9BCA-9BE1A6A1CB0B}"
EndProject
Project("{FAE04EC0-301F-11D3-BF4B-00C04F79EFBC}") = "Controls", "AdvancedScada.Controls\Controls.csproj", "{61D652F9-ADEF-4024-B1A8-4709656068CA}"
EndProject
Project("{FAE04EC0-301F-11D3-BF4B-00C04F79EFBC}") = "IBaseService", "AdvancedScada.IBaseService\IBaseService.csproj", "{4BA1E9C3-F791-458C-B4F7-3B7943E8DE10}"
EndProject
Project("{FAE04EC0-301F-11D3-BF4B-00C04F79EFBC}") = "Management", "AdvancedScada.Management\Management.csproj", "{A6981D28-2360-4212-8EEF-F78C117EB615}"
EndProject
Project("{FAE04EC0-301F-11D3-BF4B-00C04F79EFBC}") = "Monitor", "AdvancedScada.Monitor\Monitor.csproj", "{F9D07EB2-4D39-457A-81BB-EA9D28623779}"
EndProject
Project("{FAE04EC0-301F-11D3-BF4B-00C04F79EFBC}") = "Studio", "AdvancedScada.Studio\Studio.csproj", "{B22859AA-D659-4E98-A223-5C80E70FE878}"
EndProject
Project("{FAE04EC0-301F-11D3-BF4B-00C04F79EFBC}") = "Utils", "AdvancedScada.Utils\Utils.csproj", "{6892B89E-2CC0-4F7D-95D1-BEAA1A21C607}"
EndProject
Project("{FAE04EC0-301F-11D3-BF4B-00C04F79EFBC}") = "DriverBase", "Drivers\AdvancedScada.DriverBase\DriverBase.csproj", "{0C4043A0-522D-456F-82C3-D086BD07EE27}"
EndProject
Project("{2150E333-8FDC-42A3-9474-1A3956D46DE8}") = "IODriver", "IODriver", "{E346CF44-B588-4C83-86B3-DC93629F6BB3}"
EndProject
Project("{2150E333-8FDC-42A3-9474-1A3956D46DE8}") = "WCF", "WCF", "{F9AEA683-E48B-4D06-AD2E-CAD4C35806E4}"
EndProject
Project("{2150E333-8FDC-42A3-9474-1A3956D46DE8}") = "Controls", "Controls", "{56C1D13A-575A-413E-A56F-6EB37E978ECF}"
EndProject
Project("{2150E333-8FDC-42A3-9474-1A3956D46DE8}") = "ImagePicker", "ImagePicker", "{2BF7407E-5F6A-4FBA-A7A6-28D36BC2C46D}"
EndProject
Project("{2150E333-8FDC-42A3-9474-1A3956D46DE8}") = "Utils", "Utils", "{62D47F92-89CB-4761-B353-B81B4B859026}"
EndProject
Project("{2150E333-8FDC-42A3-9474-1A3956D46DE8}") = "Management", "Management", "{67D897F7-75D6-45B3-AB83-DD70FB610F68}"
EndProject
Project("{2150E333-8FDC-42A3-9474-1A3956D46DE8}") = "Scada", "Scada", "{8553EDAC-D314-4187-AB30-7316571029F9}"
EndProject
Project("{FAE04EC0-301F-11D3-BF4B-00C04F79EFBC}") = "Scada", "AdvancedScada.HMI\Scada.csproj", "{C8B79F06-BAA5-47A2-9C0E-A141ED18A1C4}"
EndProject
Project("{2150E333-8FDC-42A3-9474-1A3956D46DE8}") = "Studio", "Studio", "{E7C7AC43-A5DC-4CA6-A9B3-286597E30464}"
EndProject
Project("{FAE04EC0-301F-11D3-BF4B-00C04F79EFBC}") = "ImagePicker", "AdvancedScada.ImagePicker\ImagePicker.csproj", "{5931D911-82C4-4C91-A32D-94D3DC870156}"
EndProject
Project("{F184B08F-C81C-45F6-A57F-5ABD9991F28F}") = "DataAccess", "AdvancedScada.DataAccess\DataAccess.vbproj", "{36F477CC-54A4-4F55-ADB3-2A2E06DBFBEF}"
EndProject
Project("{F184B08F-C81C-45F6-A57F-5ABD9991F28F}") = "ReportViewer", "AdvancedScada.ReportViewer\ReportViewer.vbproj", "{A7E14A59-51EE-4E8E-B1EE-3CB3C71DC9D3}"
EndProject
Project("{FAE04EC0-301F-11D3-BF4B-00C04F79EFBC}") = "IODriver", "Drivers\AdvancedScada.IODriver\IODriver.csproj", "{09B71D40-9C34-44F8-BC1B-1B3380EAD582}"
EndProject
Project("{2150E333-8FDC-42A3-9474-1A3956D46DE8}") = "DB", "DB", "{3AF986B5-09BE-40B0-9768-A21FEAF01053}"
EndProject
Project("{FAE04EC0-301F-11D3-BF4B-00C04F79EFBC}") = "Dao", "DB\AdvancedScada.Dao\Dao.csproj", "{F88CC8B5-D748-4EF6-B1C5-095733F43321}"
EndProject
Global
	GlobalSection(SolutionConfigurationPlatforms) = preSolution
		Debug|Any CPU = Debug|Any CPU
		Release|Any CPU = Release|Any CPU
	EndGlobalSection
	GlobalSection(ProjectConfigurationPlatforms) = postSolution
		{FE960C7A-E85B-48ED-9BCA-9BE1A6A1CB0B}.Debug|Any CPU.ActiveCfg = Debug|Any CPU
		{FE960C7A-E85B-48ED-9BCA-9BE1A6A1CB0B}.Debug|Any CPU.Build.0 = Debug|Any CPU
		{FE960C7A-E85B-48ED-9BCA-9BE1A6A1CB0B}.Release|Any CPU.ActiveCfg = Release|Any CPU
		{FE960C7A-E85B-48ED-9BCA-9BE1A6A1CB0B}.Release|Any CPU.Build.0 = Release|Any CPU
		{61D652F9-ADEF-4024-B1A8-4709656068CA}.Debug|Any CPU.ActiveCfg = Debug|Any CPU
		{61D652F9-ADEF-4024-B1A8-4709656068CA}.Debug|Any CPU.Build.0 = Debug|Any CPU
		{61D652F9-ADEF-4024-B1A8-4709656068CA}.Release|Any CPU.ActiveCfg = Release|Any CPU
		{61D652F9-ADEF-4024-B1A8-4709656068CA}.Release|Any CPU.Build.0 = Release|Any CPU
		{4BA1E9C3-F791-458C-B4F7-3B7943E8DE10}.Debug|Any CPU.ActiveCfg = Debug|Any CPU
		{4BA1E9C3-F791-458C-B4F7-3B7943E8DE10}.Debug|Any CPU.Build.0 = Debug|Any CPU
		{4BA1E9C3-F791-458C-B4F7-3B7943E8DE10}.Release|Any CPU.ActiveCfg = Release|Any CPU
		{4BA1E9C3-F791-458C-B4F7-3B7943E8DE10}.Release|Any CPU.Build.0 = Release|Any CPU
		{A6981D28-2360-4212-8EEF-F78C117EB615}.Debug|Any CPU.ActiveCfg = Debug|Any CPU
		{A6981D28-2360-4212-8EEF-F78C117EB615}.Debug|Any CPU.Build.0 = Debug|Any CPU
		{A6981D28-2360-4212-8EEF-F78C117EB615}.Release|Any CPU.ActiveCfg = Release|Any CPU
		{A6981D28-2360-4212-8EEF-F78C117EB615}.Release|Any CPU.Build.0 = Release|Any CPU
		{F9D07EB2-4D39-457A-81BB-EA9D28623779}.Debug|Any CPU.ActiveCfg = Debug|Any CPU
		{F9D07EB2-4D39-457A-81BB-EA9D28623779}.Debug|Any CPU.Build.0 = Debug|Any CPU
		{F9D07EB2-4D39-457A-81BB-EA9D28623779}.Release|Any CPU.ActiveCfg = Release|Any CPU
		{F9D07EB2-4D39-457A-81BB-EA9D28623779}.Release|Any CPU.Build.0 = Release|Any CPU
		{B22859AA-D659-4E98-A223-5C80E70FE878}.Debug|Any CPU.ActiveCfg = Debug|Any CPU
		{B22859AA-D659-4E98-A223-5C80E70FE878}.Debug|Any CPU.Build.0 = Debug|Any CPU
		{B22859AA-D659-4E98-A223-5C80E70FE878}.Release|Any CPU.ActiveCfg = Release|Any CPU
		{B22859AA-D659-4E98-A223-5C80E70FE878}.Release|Any CPU.Build.0 = Release|Any CPU
		{6892B89E-2CC0-4F7D-95D1-BEAA1A21C607}.Debug|Any CPU.ActiveCfg = Debug|Any CPU
		{6892B89E-2CC0-4F7D-95D1-BEAA1A21C607}.Debug|Any CPU.Build.0 = Debug|Any CPU
		{6892B89E-2CC0-4F7D-95D1-BEAA1A21C607}.Release|Any CPU.ActiveCfg = Release|Any CPU
		{6892B89E-2CC0-4F7D-95D1-BEAA1A21C607}.Release|Any CPU.Build.0 = Release|Any CPU
		{0C4043A0-522D-456F-82C3-D086BD07EE27}.Debug|Any CPU.ActiveCfg = Debug|Any CPU
		{0C4043A0-522D-456F-82C3-D086BD07EE27}.Debug|Any CPU.Build.0 = Debug|Any CPU
		{0C4043A0-522D-456F-82C3-D086BD07EE27}.Release|Any CPU.ActiveCfg = Release|Any CPU
		{0C4043A0-522D-456F-82C3-D086BD07EE27}.Release|Any CPU.Build.0 = Release|Any CPU
		{C8B79F06-BAA5-47A2-9C0E-A141ED18A1C4}.Debug|Any CPU.ActiveCfg = Debug|Any CPU
		{C8B79F06-BAA5-47A2-9C0E-A141ED18A1C4}.Debug|Any CPU.Build.0 = Debug|Any CPU
		{C8B79F06-BAA5-47A2-9C0E-A141ED18A1C4}.Release|Any CPU.ActiveCfg = Release|Any CPU
		{C8B79F06-BAA5-47A2-9C0E-A141ED18A1C4}.Release|Any CPU.Build.0 = Release|Any CPU
		{5931D911-82C4-4C91-A32D-94D3DC870156}.Debug|Any CPU.ActiveCfg = Debug|Any CPU
		{5931D911-82C4-4C91-A32D-94D3DC870156}.Debug|Any CPU.Build.0 = Debug|Any CPU
		{5931D911-82C4-4C91-A32D-94D3DC870156}.Release|Any CPU.ActiveCfg = Release|Any CPU
		{5931D911-82C4-4C91-A32D-94D3DC870156}.Release|Any CPU.Build.0 = Release|Any CPU
		{36F477CC-54A4-4F55-ADB3-2A2E06DBFBEF}.Debug|Any CPU.ActiveCfg = Debug|Any CPU
		{36F477CC-54A4-4F55-ADB3-2A2E06DBFBEF}.Debug|Any CPU.Build.0 = Debug|Any CPU
		{36F477CC-54A4-4F55-ADB3-2A2E06DBFBEF}.Release|Any CPU.ActiveCfg = Release|Any CPU
		{36F477CC-54A4-4F55-ADB3-2A2E06DBFBEF}.Release|Any CPU.Build.0 = Release|Any CPU
		{A7E14A59-51EE-4E8E-B1EE-3CB3C71DC9D3}.Debug|Any CPU.ActiveCfg = Debug|Any CPU
		{A7E14A59-51EE-4E8E-B1EE-3CB3C71DC9D3}.Debug|Any CPU.Build.0 = Debug|Any CPU
		{A7E14A59-51EE-4E8E-B1EE-3CB3C71DC9D3}.Release|Any CPU.ActiveCfg = Release|Any CPU
		{A7E14A59-51EE-4E8E-B1EE-3CB3C71DC9D3}.Release|Any CPU.Build.0 = Release|Any CPU
		{09B71D40-9C34-44F8-BC1B-1B3380EAD582}.Debug|Any CPU.ActiveCfg = Debug|Any CPU
		{09B71D40-9C34-44F8-BC1B-1B3380EAD582}.Debug|Any CPU.Build.0 = Debug|Any CPU
		{09B71D40-9C34-44F8-BC1B-1B3380EAD582}.Release|Any CPU.ActiveCfg = Release|Any CPU
		{09B71D40-9C34-44F8-BC1B-1B3380EAD582}.Release|Any CPU.Build.0 = Release|Any CPU
		{F88CC8B5-D748-4EF6-B1C5-095733F43321}.Debug|Any CPU.ActiveCfg = Debug|Any CPU
		{F88CC8B5-D748-4EF6-B1C5-095733F43321}.Debug|Any CPU.Build.0 = Debug|Any CPU
		{F88CC8B5-D748-4EF6-B1C5-095733F43321}.Release|Any CPU.ActiveCfg = Release|Any CPU
		{F88CC8B5-D748-4EF6-B1C5-095733F43321}.Release|Any CPU.Build.0 = Release|Any CPU
	EndGlobalSection
	GlobalSection(SolutionProperties) = preSolution
		HideSolutionNode = FALSE
	EndGlobalSection
	GlobalSection(NestedProjects) = preSolution
		{FE960C7A-E85B-48ED-9BCA-9BE1A6A1CB0B} = {F9AEA683-E48B-4D06-AD2E-CAD4C35806E4}
		{61D652F9-ADEF-4024-B1A8-4709656068CA} = {56C1D13A-575A-413E-A56F-6EB37E978ECF}
		{4BA1E9C3-F791-458C-B4F7-3B7943E8DE10} = {F9AEA683-E48B-4D06-AD2E-CAD4C35806E4}
		{A6981D28-2360-4212-8EEF-F78C117EB615} = {67D897F7-75D6-45B3-AB83-DD70FB610F68}
		{F9D07EB2-4D39-457A-81BB-EA9D28623779} = {56C1D13A-575A-413E-A56F-6EB37E978ECF}
		{B22859AA-D659-4E98-A223-5C80E70FE878} = {E7C7AC43-A5DC-4CA6-A9B3-286597E30464}
		{6892B89E-2CC0-4F7D-95D1-BEAA1A21C607} = {62D47F92-89CB-4761-B353-B81B4B859026}
		{0C4043A0-522D-456F-82C3-D086BD07EE27} = {E346CF44-B588-4C83-86B3-DC93629F6BB3}
		{C8B79F06-BAA5-47A2-9C0E-A141ED18A1C4} = {8553EDAC-D314-4187-AB30-7316571029F9}
		{5931D911-82C4-4C91-A32D-94D3DC870156} = {2BF7407E-5F6A-4FBA-A7A6-28D36BC2C46D}
		{36F477CC-54A4-4F55-ADB3-2A2E06DBFBEF} = {8553EDAC-D314-4187-AB30-7316571029F9}
		{A7E14A59-51EE-4E8E-B1EE-3CB3C71DC9D3} = {8553EDAC-D314-4187-AB30-7316571029F9}
		{09B71D40-9C34-44F8-BC1B-1B3380EAD582} = {E346CF44-B588-4C83-86B3-DC93629F6BB3}
		{F88CC8B5-D748-4EF6-B1C5-095733F43321} = {3AF986B5-09BE-40B0-9768-A21FEAF01053}
	EndGlobalSection
	GlobalSection(ExtensibilityGlobals) = postSolution
		SolutionGuid = {7C9F8F60-8BEB-4669-AAB0-02B189B54E22}
	EndGlobalSection
EndGlobal
